// !$*UTF8*$!
{
	archiveVersion = 1;
	classes = {
	};
	objectVersion = 50;
	objects = {

/* Begin PBXBuildFile section */
		BEC728A123B4CEA200D9AE66 /* AppDelegate.swift in Sources */ = {isa = PBXBuildFile; fileRef = BEC728A023B4CEA200D9AE66 /* AppDelegate.swift */; };
		BEC728A323B4CEA200D9AE66 /* SceneDelegate.swift in Sources */ = {isa = PBXBuildFile; fileRef = BEC728A223B4CEA200D9AE66 /* SceneDelegate.swift */; };
		BEC728A823B4CEA200D9AE66 /* Main.storyboard in Resources */ = {isa = PBXBuildFile; fileRef = BEC728A623B4CEA200D9AE66 /* Main.storyboard */; };
		BEC728AB23B4CEA200D9AE66 /* HelloApp.xcdatamodeld in Sources */ = {isa = PBXBuildFile; fileRef = BEC728A923B4CEA200D9AE66 /* HelloApp.xcdatamodeld */; };
		BEC728AD23B4CEA200D9AE66 /* Assets.xcassets in Resources */ = {isa = PBXBuildFile; fileRef = BEC728AC23B4CEA200D9AE66 /* Assets.xcassets */; };
		BEC728B023B4CEA200D9AE66 /* LaunchScreen.storyboard in Resources */ = {isa = PBXBuildFile; fileRef = BEC728AE23B4CEA200D9AE66 /* LaunchScreen.storyboard */; };
		BEC728B823B4CF8900D9AE66 /* HelloTableViewController.swift in Sources */ = {isa = PBXBuildFile; fileRef = BEC728B723B4CF8900D9AE66 /* HelloTableViewController.swift */; };
/* End PBXBuildFile section */

/* Begin PBXFileReference section */
		BEC7289D23B4CEA200D9AE66 /* HelloApp.app */ = {isa = PBXFileReference; explicitFileType = wrapper.application; includeInIndex = 0; path = HelloApp.app; sourceTree = BUILT_PRODUCTS_DIR; };
		BEC728A023B4CEA200D9AE66 /* AppDelegate.swift */ = {isa = PBXFileReference; lastKnownFileType = sourcecode.swift; path = AppDelegate.swift; sourceTree = "<group>"; };
		BEC728A223B4CEA200D9AE66 /* SceneDelegate.swift */ = {isa = PBXFileReference; lastKnownFileType = sourcecode.swift; path = SceneDelegate.swift; sourceTree = "<group>"; };
		BEC728A723B4CEA200D9AE66 /* Base */ = {isa = PBXFileReference; lastKnownFileType = file.storyboard; name = Base; path = Base.lproj/Main.storyboard; sourceTree = "<group>"; };
		BEC728AA23B4CEA200D9AE66 /* HelloApp.xcdatamodel */ = {isa = PBXFileReference; lastKnownFileType = wrapper.xcdatamodel; path = HelloApp.xcdatamodel; sourceTree = "<group>"; };
		BEC728AC23B4CEA200D9AE66 /* Assets.xcassets */ = {isa = PBXFileReference; lastKnownFileType = folder.assetcatalog; path = Assets.xcassets; sourceTree = "<group>"; };
		BEC728AF23B4CEA200D9AE66 /* Base */ = {isa = PBXFileReference; lastKnownFileType = file.storyboard; name = Base; path = Base.lproj/LaunchScreen.storyboard; sourceTree = "<group>"; };
		BEC728B123B4CEA200D9AE66 /* Info.plist */ = {isa = PBXFileReference; lastKnownFileType = text.plist.xml; path = Info.plist; sourceTree = "<group>"; };
		BEC728B723B4CF8900D9AE66 /* HelloTableViewController.swift */ = {isa = PBXFileReference; lastKnownFileType = sourcecode.swift; path = HelloTableViewController.swift; sourceTree = "<group>"; };
/* End PBXFileReference section */

/* Begin PBXFrameworksBuildPhase section */
		BEC7289A23B4CEA200D9AE66 /* Frameworks */ = {
			isa = PBXFrameworksBuildPhase;
			buildActionMask = 2147483647;
			files = (
			);
			runOnlyForDeploymentPostprocessing = 0;
		};
/* End PBXFrameworksBuildPhase section */

/* Begin PBXGroup section */
		BEC7289423B4CEA200D9AE66 = {
			isa = PBXGroup;
			children = (
				BEC7289F23B4CEA200D9AE66 /* HelloApp */,
				BEC7289E23B4CEA200D9AE66 /* Products */,
			);
			sourceTree = "<group>";
		};
		BEC7289E23B4CEA200D9AE66 /* Products */ = {
			isa = PBXGroup;
			children = (
				BEC7289D23B4CEA200D9AE66 /* HelloApp.app */,
			);
			name = Products;
			sourceTree = "<group>";
		};
		BEC7289F23B4CEA200D9AE66 /* HelloApp */ = {
			isa = PBXGroup;
			children = (
				BEC728A023B4CEA200D9AE66 /* AppDelegate.swift */,
				BEC728A223B4CEA200D9AE66 /* SceneDelegate.swift */,
				BEC728B723B4CF8900D9AE66 /* HelloTableViewController.swift */,
				BEC728A623B4CEA200D9AE66 /* Main.storyboard */,
				BEC728AC23B4CEA200D9AE66 /* Assets.xcassets */,
				BEC728AE23B4CEA200D9AE66 /* LaunchScreen.storyboard */,
				BEC728B123B4CEA200D9AE66 /* Info.plist */,
				BEC728A923B4CEA200D9AE66 /* HelloApp.xcdatamodeld */,
			);
			path = HelloApp;
			sourceTree = "<group>";
		};
/* End PBXGroup section */

/* Begin PBXNativeTarget section */
		BEC7289C23B4CEA200D9AE66 /* HelloApp */ = {
			isa = PBXNativeTarget;
			buildConfigurationList = BEC728B423B4CEA200D9AE66 /* Build configuration list for PBXNativeTarget "HelloApp" */;
			buildPhases = (
				BEC7289923B4CEA200D9AE66 /* Sources */,
				BEC7289A23B4CEA200D9AE66 /* Frameworks */,
				BEC7289B23B4CEA200D9AE66 /* Resources */,
			);
			buildRules = (
			);
			dependencies = (
			);
			name = HelloApp;
			productName = HelloApp;
			productReference = BEC7289D23B4CEA200D9AE66 /* HelloApp.app */;
			productType = "com.apple.product-type.application";
		};
/* End PBXNativeTarget section */

/* Begin PBXProject section */
		BEC7289523B4CEA200D9AE66 /* Project object */ = {
			isa = PBXProject;
			attributes = {
				LastSwiftUpdateCheck = 1110;
				LastUpgradeCheck = 1110;
				ORGANIZATIONNAME = "Dilmurod Ubaydullaev";
				TargetAttributes = {
					BEC7289C23B4CEA200D9AE66 = {
						CreatedOnToolsVersion = 11.1;
					};
				};
			};
			buildConfigurationList = BEC7289823B4CEA200D9AE66 /* Build configuration list for PBXProject "HelloApp" */;
			compatibilityVersion = "Xcode 9.3";
			developmentRegion = en;
			hasScannedForEncodings = 0;
			knownRegions = (
				en,
				Base,
			);
			mainGroup = BEC7289423B4CEA200D9AE66;
			productRefGroup = BEC7289E23B4CEA200D9AE66 /* Products */;
			projectDirPath = "";
			projectRoot = "";
			targets = (
				BEC7289C23B4CEA200D9AE66 /* HelloApp */,
			);
		};
/* End PBXProject section */

/* Begin PBXResourcesBuildPhase section */
		BEC7289B23B4CEA200D9AE66 /* Resources */ = {
			isa = PBXResourcesBuildPhase;
			buildActionMask = 2147483647;
			files = (
				BEC728B023B4CEA200D9AE66 /* LaunchScreen.storyboard in Resources */,
				BEC728AD23B4CEA200D9AE66 /* Assets.xcassets in Resources */,
				BEC728A823B4CEA200D9AE66 /* Main.storyboard in Resources */,
			);
			runOnlyForDeploymentPostprocessing = 0;
		};
/* End PBXResourcesBuildPhase section */

/* Begin PBXSourcesBuildPhase section */
		BEC7289923B4CEA200D9AE66 /* Sources */ = {
			isa = PBXSourcesBuildPhase;
			buildActionMask = 2147483647;
			files = (
				BEC728B823B4CF8900D9AE66 /* HelloTableViewController.swift in Sources */,
				BEC728A123B4CEA200D9AE66 /* AppDelegate.swift in Sources */,
				BEC728AB23B4CEA200D9AE66 /* HelloApp.xcdatamodeld in Sources */,
				BEC728A323B4CEA200D9AE66 /* SceneDelegate.swift in Sources */,
			);
			runOnlyForDeploymentPostprocessing = 0;
		};
/* End PBXSourcesBuildPhase section */

/* Begin PBXVariantGroup section */
		BEC728A623B4CEA200D9AE66 /* Main.storyboard */ = {
			isa = PBXVariantGroup;
			children = (
				BEC728A723B4CEA200D9AE66 /* Base */,
			);
			name = Main.storyboard;
			sourceTree = "<group>";
		};
		BEC728AE23B4CEA200D9AE66 /* LaunchScreen.storyboard */ = {
			isa = PBXVariantGroup;
			children = (
				BEC728AF23B4CEA200D9AE66 /* Base */,
			);
			name = LaunchScreen.storyboard;
			sourceTree = "<group>";
		};
/* End PBXVariantGroup section */

/* Begin XCBuildConfiguration section */
		BEC728B223B4CEA200D9AE66 /* Debug */ = {
			isa = XCBuildConfiguration;
			buildSettings = {
				ALWAYS_SEARCH_USER_PATHS = NO;
				CLANG_ANALYZER_NONNULL = YES;
				CLANG_ANALYZER_NUMBER_OBJECT_CONVERSION = YES_AGGRESSIVE;
				CLANG_CXX_LANGUAGE_STANDARD = "gnu++14";
				CLANG_CXX_LIBRARY = "libc++";
				CLANG_ENABLE_MODULES = YES;
				CLANG_ENABLE_OBJC_ARC = YES;
				CLANG_ENABLE_OBJC_WEAK = YES;
				CLANG_WARN_BLOCK_CAPTURE_AUTORELEASING = YES;
				CLANG_WARN_BOOL_CONVERSION = YES;
				CLANG_WARN_COMMA = YES;
				CLANG_WARN_CONSTANT_CONVERSION = YES;
				CLANG_WARN_DEPRECATED_OBJC_IMPLEMENTATIONS = YES;
				CLANG_WARN_DIRECT_OBJC_ISA_USAGE = YES_ERROR;
				CLANG_WARN_DOCUMENTATION_COMMENTS = YES;
				CLANG_WARN_EMPTY_BODY = YES;
				CLANG_WARN_ENUM_CONVERSION = YES;
				CLANG_WARN_INFINITE_RECURSION = YES;
				CLANG_WARN_INT_CONVERSION = YES;
				CLANG_WARN_NON_LITERAL_NULL_CONVERSION = YES;
				CLANG_WARN_OBJC_IMPLICIT_RETAIN_SELF = YES;
				CLANG_WARN_OBJC_LITERAL_CONVERSION = YES;
				CLANG_WARN_OBJC_ROOT_CLASS = YES_ERROR;
				CLANG_WARN_RANGE_LOOP_ANALYSIS = YES;
				CLANG_WARN_STRICT_PROTOTYPES = YES;
				CLANG_WARN_SUSPICIOUS_MOVE = YES;
				CLANG_WARN_UNGUARDED_AVAILABILITY = YES_AGGRESSIVE;
				CLANG_WARN_UNREACHABLE_CODE = YES;
				CLANG_WARN__DUPLICATE_METHOD_MATCH = YES;
				COPY_PHASE_STRIP = NO;
				DEBUG_INFORMATION_FORMAT = dwarf;
				ENABLE_STRICT_OBJC_MSGSEND = YES;
				ENABLE_TESTABILITY = YES;
				GCC_C_LANGUAGE_STANDARD = gnu11;
				GCC_DYNAMIC_NO_PIC = NO;
				GCC_NO_COMMON_BLOCKS = YES;
				GCC_OPTIMIZATION_LEVEL = 0;
				GCC_PREPROCESSOR_DEFINITIONS = (
					"DEBUG=1",
					"$(inherited)",
				);
				GCC_WARN_64_TO_32_BIT_CONVERSION = YES;
				GCC_WARN_ABOUT_RETURN_TYPE = YES_ERROR;
				GCC_WARN_UNDECLARED_SELECTOR = YES;
				GCC_WARN_UNINITIALIZED_AUTOS = YES_AGGRESSIVE;
				GCC_WARN_UNUSED_FUNCTION = YES;
				GCC_WARN_UNUSED_VARIABLE = YES;
				IPHONEOS_DEPLOYMENT_TARGET = 13.1;
				MTL_ENABLE_DEBUG_INFO = INCLUDE_SOURCE;
				MTL_FAST_MATH = YES;
				ONLY_ACTIVE_ARCH = YES;
				SDKROOT = iphoneos;
				SWIFT_ACTIVE_COMPILATION_CONDITIONS = DEBUG;
				SWIFT_OPTIMIZATION_LEVEL = "-Onone";
			};
			name = Debug;
		};
		BEC728B323B4CEA200D9AE66 /* Release */ = {
			isa = XCBuildConfiguration;
			buildSettings = {
				ALWAYS_SEARCH_USER_PATHS = NO;
				CLANG_ANALYZER_NONNULL = YES;
				CLANG_ANALYZER_NUMBER_OBJECT_CONVERSION = YES_AGGRESSIVE;
				CLANG_CXX_LANGUAGE_STANDARD = "gnu++14";
				CLANG_CXX_LIBRARY = "libc++";
				CLANG_ENABLE_MODULES = YES;
				CLANG_ENABLE_OBJC_ARC = YES;
				CLANG_ENABLE_OBJC_WEAK = YES;
				CLANG_WARN_BLOCK_CAPTURE_AUTORELEASING = YES;
				CLANG_WARN_BOOL_CONVERSION = YES;
				CLANG_WARN_COMMA = YES;
				CLANG_WARN_CONSTANT_CONVERSION = YES;
				CLANG_WARN_DEPRECATED_OBJC_IMPLEMENTATIONS = YES;
				CLANG_WARN_DIRECT_OBJC_ISA_USAGE = YES_ERROR;
				CLANG_WARN_DOCUMENTATION_COMMENTS = YES;
				CLANG_WARN_EMPTY_BODY = YES;
				CLANG_WARN_ENUM_CONVERSION = YES;
				CLANG_WARN_INFINITE_RECURSION = YES;
				CLANG_WARN_INT_CONVERSION = YES;
				CLANG_WARN_NON_LITERAL_NULL_CONVERSION = YES;
				CLANG_WARN_OBJC_IMPLICIT_RETAIN_SELF = YES;
				CLANG_WARN_OBJC_LITERAL_CONVERSION = YES;
				CLANG_WARN_OBJC_ROOT_CLASS = YES_ERROR;
				CLANG_WARN_RANGE_LOOP_ANALYSIS = YES;
				CLANG_WARN_STRICT_PROTOTYPES = YES;
				CLANG_WARN_SUSPICIOUS_MOVE = YES;
				CLANG_WARN_UNGUARDED_AVAILABILITY = YES_AGGRESSIVE;
				CLANG_WARN_UNREACHABLE_CODE = YES;
				CLANG_WARN__DUPLICATE_METHOD_MATCH = YES;
				COPY_PHASE_STRIP = NO;
				DEBUG_INFORMATION_FORMAT = "dwarf-with-dsym";
				ENABLE_NS_ASSERTIONS = NO;
				ENABLE_STRICT_OBJC_MSGSEND = YES;
				GCC_C_LANGUAGE_STANDARD = gnu11;
				GCC_NO_COMMON_BLOCKS = YES;
				GCC_WARN_64_TO_32_BIT_CONVERSION = YES;
				GCC_WARN_ABOUT_RETURN_TYPE = YES_ERROR;
				GCC_WARN_UNDECLARED_SELECTOR = YES;
				GCC_WARN_UNINITIALIZED_AUTOS = YES_AGGRESSIVE;
				GCC_WARN_UNUSED_FUNCTION = YES;
				GCC_WARN_UNUSED_VARIABLE = YES;
				IPHONEOS_DEPLOYMENT_TARGET = 13.1;
				MTL_ENABLE_DEBUG_INFO = NO;
				MTL_FAST_MATH = YES;
				SDKROOT = iphoneos;
				SWIFT_COMPILATION_MODE = wholemodule;
				SWIFT_OPTIMIZATION_LEVEL = "-O";
				VALIDATE_PRODUCT = YES;
			};
			name = Release;
		};
		BEC728B523B4CEA200D9AE66 /* Debug */ = {
			isa = XCBuildConfiguration;
			buildSettings = {
				ASSETCATALOG_COMPILER_APPICON_NAME = AppIcon;
				CODE_SIGN_STYLE = Automatic;
				INFOPLIST_FILE = HelloApp/Info.plist;
				LD_RUNPATH_SEARCH_PATHS = (
					"$(inherited)",
					"@executable_path/Frameworks",
				);
				PRODUCT_BUNDLE_IDENTIFIER = "Dilmurod-Ubaydullaev.HelloApp";
				PRODUCT_NAME = "$(TARGET_NAME)";
				SWIFT_VERSION = 5.0;
				TARGETED_DEVICE_FAMILY = "1,2";
			};
			name = Debug;
		};
		BEC728B623B4CEA200D9AE66 /* Release */ = {
			isa = XCBuildConfiguration;
			buildSettings = {
				ASSETCATALOG_COMPILER_APPICON_NAME = AppIcon;
				CODE_SIGN_STYLE = Automatic;
				INFOPLIST_FILE = HelloApp/Info.plist;
				LD_RUNPATH_SEARCH_PATHS = (
					"$(inherited)",
					"@executable_path/Frameworks",
				);
				PRODUCT_BUNDLE_IDENTIFIER = "Dilmurod-Ubaydullaev.HelloApp";
				PRODUCT_NAME = "$(TARGET_NAME)";
				SWIFT_VERSION = 5.0;
				TARGETED_DEVICE_FAMILY = "1,2";
			};
			name = Release;
		};
/* End XCBuildConfiguration section */

/* Begin XCConfigurationList section */
		BEC7289823B4CEA200D9AE66 /* Build configuration list for PBXProject "HelloApp" */ = {
			isa = XCConfigurationList;
			buildConfigurations = (
				BEC728B223B4CEA200D9AE66 /* Debug */,
				BEC728B323B4CEA200D9AE66 /* Release */,
			);
			defaultConfigurationIsVisible = 0;
			defaultConfigurationName = Release;
		};
		BEC728B423B4CEA200D9AE66 /* Build configuration list for PBXNativeTarget "HelloApp" */ = {
			isa = XCConfigurationList;
			buildConfigurations = (
				BEC728B523B4CEA200D9AE66 /* Debug */,
				BEC728B623B4CEA200D9AE66 /* Release */,
			);
			defaultConfigurationIsVisible = 0;
			defaultConfigurationName = Release;
		};
/* End XCConfigurationList section */

/* Begin XCVersionGroup section */
		BEC728A923B4CEA200D9AE66 /* HelloApp.xcdatamodeld */ = {
			isa = XCVersionGroup;
			children = (
				BEC728AA23B4CEA200D9AE66 /* HelloApp.xcdatamodel */,
			);
			currentVersion = BEC728AA23B4CEA200D9AE66 /* HelloApp.xcdatamodel */;
			path = HelloApp.xcdatamodeld;
			sourceTree = "<group>";
			versionGroupType = wrapper.xcdatamodel;
		};
/* End XCVersionGroup section */
	};
	rootObject = BEC7289523B4CEA200D9AE66 /* Project object */;
}
